
Microsoft Visual Studio Solution File, Format Version 12.00
# Visual Studio 15
VisualStudioVersion = 15.0.27130.2024
MinimumVisualStudioVersion = 10.0.40219.1
Project("{FAE04EC0-301F-11D3-BF4B-00C04F79EFBC}") = "addressbook-web-tests", "addressbook-web-tests\addressbook-web-tests.csproj", "{E4BE1D7F-4244-4A0F-AA66-EF0774DDFBE1}"
EndProject
Project("{FAE04EC0-301F-11D3-BF4B-00C04F79EFBC}") = "addressbook-test-data-generators", "addressbook-test-data-generators\addressbook-test-data-generators.csproj", "{4017F5EA-F357-4DFA-972B-BB3C324743E7}"
	ProjectSection(ProjectDependencies) = postProject
		{E4BE1D7F-4244-4A0F-AA66-EF0774DDFBE1} = {E4BE1D7F-4244-4A0F-AA66-EF0774DDFBE1}
	EndProjectSection
EndProject
Global
	GlobalSection(SolutionConfigurationPlatforms) = preSolution
		Debug|Any CPU = Debug|Any CPU
		Release|Any CPU = Release|Any CPU
	EndGlobalSection
	GlobalSection(ProjectConfigurationPlatforms) = postSolution
		{E4BE1D7F-4244-4A0F-AA66-EF0774DDFBE1}.Debug|Any CPU.ActiveCfg = Debug|Any CPU
		{E4BE1D7F-4244-4A0F-AA66-EF0774DDFBE1}.Debug|Any CPU.Build.0 = Debug|Any CPU
		{E4BE1D7F-4244-4A0F-AA66-EF0774DDFBE1}.Release|Any CPU.ActiveCfg = Release|Any CPU
		{E4BE1D7F-4244-4A0F-AA66-EF0774DDFBE1}.Release|Any CPU.Build.0 = Release|Any CPU
		{4017F5EA-F357-4DFA-972B-BB3C324743E7}.Debug|Any CPU.ActiveCfg = Debug|Any CPU
		{4017F5EA-F357-4DFA-972B-BB3C324743E7}.Debug|Any CPU.Build.0 = Debug|Any CPU
		{4017F5EA-F357-4DFA-972B-BB3C324743E7}.Release|Any CPU.ActiveCfg = Release|Any CPU
		{4017F5EA-F357-4DFA-972B-BB3C324743E7}.Release|Any CPU.Build.0 = Release|Any CPU
	EndGlobalSection
	GlobalSection(SolutionProperties) = preSolution
		HideSolutionNode = FALSE
	EndGlobalSection
	GlobalSection(ExtensibilityGlobals) = postSolution
		SolutionGuid = {513C2198-D0F9-4E63-8D4B-F7A05FF66ADF}
	EndGlobalSection
EndGlobal
