
Microsoft Visual Studio Solution File, Format Version 12.00
# Visual Studio 15
VisualStudioVersion = 15.0.27428.2005
MinimumVisualStudioVersion = 10.0.40219.1
Project("{FAE04EC0-301F-11D3-BF4B-00C04F79EFBC}") = "addressbook_tests_autoit", "addressbook_tests_autoit\addressbook_tests_autoit.csproj", "{3A355073-A394-4BF1-8760-5EE38B2C401E}"
EndProject
Global
	GlobalSection(SolutionConfigurationPlatforms) = preSolution
		Debug|Any CPU = Debug|Any CPU
		Release|Any CPU = Release|Any CPU
	EndGlobalSection
	GlobalSection(ProjectConfigurationPlatforms) = postSolution
		{3A355073-A394-4BF1-8760-5EE38B2C401E}.Debug|Any CPU.ActiveCfg = Debug|Any CPU
		{3A355073-A394-4BF1-8760-5EE38B2C401E}.Debug|Any CPU.Build.0 = Debug|Any CPU
		{3A355073-A394-4BF1-8760-5EE38B2C401E}.Release|Any CPU.ActiveCfg = Release|Any CPU
		{3A355073-A394-4BF1-8760-5EE38B2C401E}.Release|Any CPU.Build.0 = Release|Any CPU
	EndGlobalSection
	GlobalSection(SolutionProperties) = preSolution
		HideSolutionNode = FALSE
	EndGlobalSection
	GlobalSection(ExtensibilityGlobals) = postSolution
		SolutionGuid = {2B122543-C234-48ED-ADD2-36435C1F6BDC}
	EndGlobalSection
EndGlobal
